// !$*UTF8*$!
{
	archiveVersion = 1;
	classes = {
	};
	objectVersion = 56;
	objects = {

/* Begin PBXBuildFile section */
		0AB8042A2B57B0DB009AC39C /* Worker_schedulesApp.swift in Sources */ = {isa = PBXBuildFile; fileRef = 0AB804292B57B0DB009AC39C /* Worker_schedulesApp.swift */; };
		0AB8042C2B57B0DB009AC39C /* ContentView.swift in Sources */ = {isa = PBXBuildFile; fileRef = 0AB8042B2B57B0DB009AC39C /* ContentView.swift */; };
		0AB8042E2B57B0DC009AC39C /* Assets.xcassets in Resources */ = {isa = PBXBuildFile; fileRef = 0AB8042D2B57B0DC009AC39C /* Assets.xcassets */; };
		0AB804312B57B0DC009AC39C /* Preview Assets.xcassets in Resources */ = {isa = PBXBuildFile; fileRef = 0AB804302B57B0DC009AC39C /* Preview Assets.xcassets */; };
		0AB8043B2B57B0DC009AC39C /* Worker_schedulesTests.swift in Sources */ = {isa = PBXBuildFile; fileRef = 0AB8043A2B57B0DC009AC39C /* Worker_schedulesTests.swift */; };
		0AB804452B57B0DC009AC39C /* Worker_schedulesUITests.swift in Sources */ = {isa = PBXBuildFile; fileRef = 0AB804442B57B0DC009AC39C /* Worker_schedulesUITests.swift */; };
		0AB804472B57B0DC009AC39C /* Worker_schedulesUITestsLaunchTests.swift in Sources */ = {isa = PBXBuildFile; fileRef = 0AB804462B57B0DC009AC39C /* Worker_schedulesUITestsLaunchTests.swift */; };
/* End PBXBuildFile section */

/* Begin PBXContainerItemProxy section */
		0AB804372B57B0DC009AC39C /* PBXContainerItemProxy */ = {
			isa = PBXContainerItemProxy;
			containerPortal = 0AB8041E2B57B0DB009AC39C /* Project object */;
			proxyType = 1;
			remoteGlobalIDString = 0AB804252B57B0DB009AC39C;
			remoteInfo = "Worker schedules";
		};
		0AB804412B57B0DC009AC39C /* PBXContainerItemProxy */ = {
			isa = PBXContainerItemProxy;
			containerPortal = 0AB8041E2B57B0DB009AC39C /* Project object */;
			proxyType = 1;
			remoteGlobalIDString = 0AB804252B57B0DB009AC39C;
			remoteInfo = "Worker schedules";
		};
/* End PBXContainerItemProxy section */

/* Begin PBXFileReference section */
		0AB804262B57B0DB009AC39C /* Worker schedules.app */ = {isa = PBXFileReference; explicitFileType = wrapper.application; includeInIndex = 0; path = "Worker schedules.app"; sourceTree = BUILT_PRODUCTS_DIR; };
		0AB804292B57B0DB009AC39C /* Worker_schedulesApp.swift */ = {isa = PBXFileReference; lastKnownFileType = sourcecode.swift; path = Worker_schedulesApp.swift; sourceTree = "<group>"; };
		0AB8042B2B57B0DB009AC39C /* ContentView.swift */ = {isa = PBXFileReference; lastKnownFileType = sourcecode.swift; path = ContentView.swift; sourceTree = "<group>"; };
		0AB8042D2B57B0DC009AC39C /* Assets.xcassets */ = {isa = PBXFileReference; lastKnownFileType = folder.assetcatalog; path = Assets.xcassets; sourceTree = "<group>"; };
		0AB804302B57B0DC009AC39C /* Preview Assets.xcassets */ = {isa = PBXFileReference; lastKnownFileType = folder.assetcatalog; path = "Preview Assets.xcassets"; sourceTree = "<group>"; };
		0AB804362B57B0DC009AC39C /* Worker schedulesTests.xctest */ = {isa = PBXFileReference; explicitFileType = wrapper.cfbundle; includeInIndex = 0; path = "Worker schedulesTests.xctest"; sourceTree = BUILT_PRODUCTS_DIR; };
		0AB8043A2B57B0DC009AC39C /* Worker_schedulesTests.swift */ = {isa = PBXFileReference; lastKnownFileType = sourcecode.swift; path = Worker_schedulesTests.swift; sourceTree = "<group>"; };
		0AB804402B57B0DC009AC39C /* Worker schedulesUITests.xctest */ = {isa = PBXFileReference; explicitFileType = wrapper.cfbundle; includeInIndex = 0; path = "Worker schedulesUITests.xctest"; sourceTree = BUILT_PRODUCTS_DIR; };
		0AB804442B57B0DC009AC39C /* Worker_schedulesUITests.swift */ = {isa = PBXFileReference; lastKnownFileType = sourcecode.swift; path = Worker_schedulesUITests.swift; sourceTree = "<group>"; };
		0AB804462B57B0DC009AC39C /* Worker_schedulesUITestsLaunchTests.swift */ = {isa = PBXFileReference; lastKnownFileType = sourcecode.swift; path = Worker_schedulesUITestsLaunchTests.swift; sourceTree = "<group>"; };
/* End PBXFileReference section */

/* Begin PBXFrameworksBuildPhase section */
		0AB804232B57B0DB009AC39C /* Frameworks */ = {
			isa = PBXFrameworksBuildPhase;
			buildActionMask = 2147483647;
			files = (
			);
			runOnlyForDeploymentPostprocessing = 0;
		};
		0AB804332B57B0DC009AC39C /* Frameworks */ = {
			isa = PBXFrameworksBuildPhase;
			buildActionMask = 2147483647;
			files = (
			);
			runOnlyForDeploymentPostprocessing = 0;
		};
		0AB8043D2B57B0DC009AC39C /* Frameworks */ = {
			isa = PBXFrameworksBuildPhase;
			buildActionMask = 2147483647;
			files = (
			);
			runOnlyForDeploymentPostprocessing = 0;
		};
/* End PBXFrameworksBuildPhase section */

/* Begin PBXGroup section */
		0AB8041D2B57B0DB009AC39C = {
			isa = PBXGroup;
			children = (
				0AB804282B57B0DB009AC39C /* Worker schedules */,
				0AB804392B57B0DC009AC39C /* Worker schedulesTests */,
				0AB804432B57B0DC009AC39C /* Worker schedulesUITests */,
				0AB804272B57B0DB009AC39C /* Products */,
			);
			sourceTree = "<group>";
		};
		0AB804272B57B0DB009AC39C /* Products */ = {
			isa = PBXGroup;
			children = (
				0AB804262B57B0DB009AC39C /* Worker schedules.app */,
				0AB804362B57B0DC009AC39C /* Worker schedulesTests.xctest */,
				0AB804402B57B0DC009AC39C /* Worker schedulesUITests.xctest */,
			);
			name = Products;
			sourceTree = "<group>";
		};
		0AB804282B57B0DB009AC39C /* Worker schedules */ = {
			isa = PBXGroup;
			children = (
				0AB804292B57B0DB009AC39C /* Worker_schedulesApp.swift */,
				0AB8042B2B57B0DB009AC39C /* ContentView.swift */,
				0AB8042D2B57B0DC009AC39C /* Assets.xcassets */,
				0AB8042F2B57B0DC009AC39C /* Preview Content */,
			);
			path = "Worker schedules";
			sourceTree = "<group>";
		};
		0AB8042F2B57B0DC009AC39C /* Preview Content */ = {
			isa = PBXGroup;
			children = (
				0AB804302B57B0DC009AC39C /* Preview Assets.xcassets */,
			);
			path = "Preview Content";
			sourceTree = "<group>";
		};
		0AB804392B57B0DC009AC39C /* Worker schedulesTests */ = {
			isa = PBXGroup;
			children = (
				0AB8043A2B57B0DC009AC39C /* Worker_schedulesTests.swift */,
			);
			path = "Worker schedulesTests";
			sourceTree = "<group>";
		};
		0AB804432B57B0DC009AC39C /* Worker schedulesUITests */ = {
			isa = PBXGroup;
			children = (
				0AB804442B57B0DC009AC39C /* Worker_schedulesUITests.swift */,
				0AB804462B57B0DC009AC39C /* Worker_schedulesUITestsLaunchTests.swift */,
			);
			path = "Worker schedulesUITests";
			sourceTree = "<group>";
		};
/* End PBXGroup section */

/* Begin PBXNativeTarget section */
		0AB804252B57B0DB009AC39C /* Worker schedules */ = {
			isa = PBXNativeTarget;
			buildConfigurationList = 0AB8044A2B57B0DC009AC39C /* Build configuration list for PBXNativeTarget "Worker schedules" */;
			buildPhases = (
				0AB804222B57B0DB009AC39C /* Sources */,
				0AB804232B57B0DB009AC39C /* Frameworks */,
				0AB804242B57B0DB009AC39C /* Resources */,
			);
			buildRules = (
			);
			dependencies = (
			);
			name = "Worker schedules";
			productName = "Worker schedules";
			productReference = 0AB804262B57B0DB009AC39C /* Worker schedules.app */;
			productType = "com.apple.product-type.application";
		};
		0AB804352B57B0DC009AC39C /* Worker schedulesTests */ = {
			isa = PBXNativeTarget;
			buildConfigurationList = 0AB8044D2B57B0DC009AC39C /* Build configuration list for PBXNativeTarget "Worker schedulesTests" */;
			buildPhases = (
				0AB804322B57B0DC009AC39C /* Sources */,
				0AB804332B57B0DC009AC39C /* Frameworks */,
				0AB804342B57B0DC009AC39C /* Resources */,
			);
			buildRules = (
			);
			dependencies = (
				0AB804382B57B0DC009AC39C /* PBXTargetDependency */,
			);
			name = "Worker schedulesTests";
			productName = "Worker schedulesTests";
			productReference = 0AB804362B57B0DC009AC39C /* Worker schedulesTests.xctest */;
			productType = "com.apple.product-type.bundle.unit-test";
		};
		0AB8043F2B57B0DC009AC39C /* Worker schedulesUITests */ = {
			isa = PBXNativeTarget;
			buildConfigurationList = 0AB804502B57B0DC009AC39C /* Build configuration list for PBXNativeTarget "Worker schedulesUITests" */;
			buildPhases = (
				0AB8043C2B57B0DC009AC39C /* Sources */,
				0AB8043D2B57B0DC009AC39C /* Frameworks */,
				0AB8043E2B57B0DC009AC39C /* Resources */,
			);
			buildRules = (
			);
			dependencies = (
				0AB804422B57B0DC009AC39C /* PBXTargetDependency */,
			);
			name = "Worker schedulesUITests";
			productName = "Worker schedulesUITests";
			productReference = 0AB804402B57B0DC009AC39C /* Worker schedulesUITests.xctest */;
			productType = "com.apple.product-type.bundle.ui-testing";
		};
/* End PBXNativeTarget section */

/* Begin PBXProject section */
		0AB8041E2B57B0DB009AC39C /* Project object */ = {
			isa = PBXProject;
			attributes = {
				BuildIndependentTargetsInParallel = 1;
				LastSwiftUpdateCheck = 1510;
				LastUpgradeCheck = 1510;
				TargetAttributes = {
					0AB804252B57B0DB009AC39C = {
						CreatedOnToolsVersion = 15.1;
					};
					0AB804352B57B0DC009AC39C = {
						CreatedOnToolsVersion = 15.1;
						TestTargetID = 0AB804252B57B0DB009AC39C;
					};
					0AB8043F2B57B0DC009AC39C = {
						CreatedOnToolsVersion = 15.1;
						TestTargetID = 0AB804252B57B0DB009AC39C;
					};
				};
			};
			buildConfigurationList = 0AB804212B57B0DB009AC39C /* Build configuration list for PBXProject "Worker schedules" */;
			compatibilityVersion = "Xcode 14.0";
			developmentRegion = en;
			hasScannedForEncodings = 0;
			knownRegions = (
				en,
				Base,
			);
			mainGroup = 0AB8041D2B57B0DB009AC39C;
			productRefGroup = 0AB804272B57B0DB009AC39C /* Products */;
			projectDirPath = "";
			projectRoot = "";
			targets = (
				0AB804252B57B0DB009AC39C /* Worker schedules */,
				0AB804352B57B0DC009AC39C /* Worker schedulesTests */,
				0AB8043F2B57B0DC009AC39C /* Worker schedulesUITests */,
			);
		};
/* End PBXProject section */

/* Begin PBXResourcesBuildPhase section */
		0AB804242B57B0DB009AC39C /* Resources */ = {
			isa = PBXResourcesBuildPhase;
			buildActionMask = 2147483647;
			files = (
				0AB804312B57B0DC009AC39C /* Preview Assets.xcassets in Resources */,
				0AB8042E2B57B0DC009AC39C /* Assets.xcassets in Resources */,
			);
			runOnlyForDeploymentPostprocessing = 0;
		};
		0AB804342B57B0DC009AC39C /* Resources */ = {
			isa = PBXResourcesBuildPhase;
			buildActionMask = 2147483647;
			files = (
			);
			runOnlyForDeploymentPostprocessing = 0;
		};
		0AB8043E2B57B0DC009AC39C /* Resources */ = {
			isa = PBXResourcesBuildPhase;
			buildActionMask = 2147483647;
			files = (
			);
			runOnlyForDeploymentPostprocessing = 0;
		};
/* End PBXResourcesBuildPhase section */

/* Begin PBXSourcesBuildPhase section */
		0AB804222B57B0DB009AC39C /* Sources */ = {
			isa = PBXSourcesBuildPhase;
			buildActionMask = 2147483647;
			files = (
				0AB8042C2B57B0DB009AC39C /* ContentView.swift in Sources */,
				0AB8042A2B57B0DB009AC39C /* Worker_schedulesApp.swift in Sources */,
			);
			runOnlyForDeploymentPostprocessing = 0;
		};
		0AB804322B57B0DC009AC39C /* Sources */ = {
			isa = PBXSourcesBuildPhase;
			buildActionMask = 2147483647;
			files = (
				0AB8043B2B57B0DC009AC39C /* Worker_schedulesTests.swift in Sources */,
			);
			runOnlyForDeploymentPostprocessing = 0;
		};
		0AB8043C2B57B0DC009AC39C /* Sources */ = {
			isa = PBXSourcesBuildPhase;
			buildActionMask = 2147483647;
			files = (
				0AB804452B57B0DC009AC39C /* Worker_schedulesUITests.swift in Sources */,
				0AB804472B57B0DC009AC39C /* Worker_schedulesUITestsLaunchTests.swift in Sources */,
			);
			runOnlyForDeploymentPostprocessing = 0;
		};
/* End PBXSourcesBuildPhase section */

/* Begin PBXTargetDependency section */
		0AB804382B57B0DC009AC39C /* PBXTargetDependency */ = {
			isa = PBXTargetDependency;
			target = 0AB804252B57B0DB009AC39C /* Worker schedules */;
			targetProxy = 0AB804372B57B0DC009AC39C /* PBXContainerItemProxy */;
		};
		0AB804422B57B0DC009AC39C /* PBXTargetDependency */ = {
			isa = PBXTargetDependency;
			target = 0AB804252B57B0DB009AC39C /* Worker schedules */;
			targetProxy = 0AB804412B57B0DC009AC39C /* PBXContainerItemProxy */;
		};
/* End PBXTargetDependency section */

/* Begin XCBuildConfiguration section */
		0AB804482B57B0DC009AC39C /* Debug */ = {
			isa = XCBuildConfiguration;
			buildSettings = {
				ALWAYS_SEARCH_USER_PATHS = NO;
				ASSETCATALOG_COMPILER_GENERATE_SWIFT_ASSET_SYMBOL_EXTENSIONS = YES;
				CLANG_ANALYZER_NONNULL = YES;
				CLANG_ANALYZER_NUMBER_OBJECT_CONVERSION = YES_AGGRESSIVE;
				CLANG_CXX_LANGUAGE_STANDARD = "gnu++20";
				CLANG_ENABLE_MODULES = YES;
				CLANG_ENABLE_OBJC_ARC = YES;
				CLANG_ENABLE_OBJC_WEAK = YES;
				CLANG_WARN_BLOCK_CAPTURE_AUTORELEASING = YES;
				CLANG_WARN_BOOL_CONVERSION = YES;
				CLANG_WARN_COMMA = YES;
				CLANG_WARN_CONSTANT_CONVERSION = YES;
				CLANG_WARN_DEPRECATED_OBJC_IMPLEMENTATIONS = YES;
				CLANG_WARN_DIRECT_OBJC_ISA_USAGE = YES_ERROR;
				CLANG_WARN_DOCUMENTATION_COMMENTS = YES;
				CLANG_WARN_EMPTY_BODY = YES;
				CLANG_WARN_ENUM_CONVERSION = YES;
				CLANG_WARN_INFINITE_RECURSION = YES;
				CLANG_WARN_INT_CONVERSION = YES;
				CLANG_WARN_NON_LITERAL_NULL_CONVERSION = YES;
				CLANG_WARN_OBJC_IMPLICIT_RETAIN_SELF = YES;
				CLANG_WARN_OBJC_LITERAL_CONVERSION = YES;
				CLANG_WARN_OBJC_ROOT_CLASS = YES_ERROR;
				CLANG_WARN_QUOTED_INCLUDE_IN_FRAMEWORK_HEADER = YES;
				CLANG_WARN_RANGE_LOOP_ANALYSIS = YES;
				CLANG_WARN_STRICT_PROTOTYPES = YES;
				CLANG_WARN_SUSPICIOUS_MOVE = YES;
				CLANG_WARN_UNGUARDED_AVAILABILITY = YES_AGGRESSIVE;
				CLANG_WARN_UNREACHABLE_CODE = YES;
				CLANG_WARN__DUPLICATE_METHOD_MATCH = YES;
				COPY_PHASE_STRIP = NO;
				DEBUG_INFORMATION_FORMAT = dwarf;
				ENABLE_STRICT_OBJC_MSGSEND = YES;
				ENABLE_TESTABILITY = YES;
				ENABLE_USER_SCRIPT_SANDBOXING = YES;
				GCC_C_LANGUAGE_STANDARD = gnu17;
				GCC_DYNAMIC_NO_PIC = NO;
				GCC_NO_COMMON_BLOCKS = YES;
				GCC_OPTIMIZATION_LEVEL = 0;
				GCC_PREPROCESSOR_DEFINITIONS = (
					"DEBUG=1",
					"$(inherited)",
				);
				GCC_WARN_64_TO_32_BIT_CONVERSION = YES;
				GCC_WARN_ABOUT_RETURN_TYPE = YES_ERROR;
				GCC_WARN_UNDECLARED_SELECTOR = YES;
				GCC_WARN_UNINITIALIZED_AUTOS = YES_AGGRESSIVE;
				GCC_WARN_UNUSED_FUNCTION = YES;
				GCC_WARN_UNUSED_VARIABLE = YES;
				IPHONEOS_DEPLOYMENT_TARGET = 17.2;
				LOCALIZATION_PREFERS_STRING_CATALOGS = YES;
				MTL_ENABLE_DEBUG_INFO = INCLUDE_SOURCE;
				MTL_FAST_MATH = YES;
				ONLY_ACTIVE_ARCH = YES;
				SDKROOT = iphoneos;
				SWIFT_ACTIVE_COMPILATION_CONDITIONS = "DEBUG $(inherited)";
				SWIFT_OPTIMIZATION_LEVEL = "-Onone";
			};
			name = Debug;
		};
		0AB804492B57B0DC009AC39C /* Release */ = {
			isa = XCBuildConfiguration;
			buildSettings = {
				ALWAYS_SEARCH_USER_PATHS = NO;
				ASSETCATALOG_COMPILER_GENERATE_SWIFT_ASSET_SYMBOL_EXTENSIONS = YES;
				CLANG_ANALYZER_NONNULL = YES;
				CLANG_ANALYZER_NUMBER_OBJECT_CONVERSION = YES_AGGRESSIVE;
				CLANG_CXX_LANGUAGE_STANDARD = "gnu++20";
				CLANG_ENABLE_MODULES = YES;
				CLANG_ENABLE_OBJC_ARC = YES;
				CLANG_ENABLE_OBJC_WEAK = YES;
				CLANG_WARN_BLOCK_CAPTURE_AUTORELEASING = YES;
				CLANG_WARN_BOOL_CONVERSION = YES;
				CLANG_WARN_COMMA = YES;
				CLANG_WARN_CONSTANT_CONVERSION = YES;
				CLANG_WARN_DEPRECATED_OBJC_IMPLEMENTATIONS = YES;
				CLANG_WARN_DIRECT_OBJC_ISA_USAGE = YES_ERROR;
				CLANG_WARN_DOCUMENTATION_COMMENTS = YES;
				CLANG_WARN_EMPTY_BODY = YES;
				CLANG_WARN_ENUM_CONVERSION = YES;
				CLANG_WARN_INFINITE_RECURSION = YES;
				CLANG_WARN_INT_CONVERSION = YES;
				CLANG_WARN_NON_LITERAL_NULL_CONVERSION = YES;
				CLANG_WARN_OBJC_IMPLICIT_RETAIN_SELF = YES;
				CLANG_WARN_OBJC_LITERAL_CONVERSION = YES;
				CLANG_WARN_OBJC_ROOT_CLASS = YES_ERROR;
				CLANG_WARN_QUOTED_INCLUDE_IN_FRAMEWORK_HEADER = YES;
				CLANG_WARN_RANGE_LOOP_ANALYSIS = YES;
				CLANG_WARN_STRICT_PROTOTYPES = YES;
				CLANG_WARN_SUSPICIOUS_MOVE = YES;
				CLANG_WARN_UNGUARDED_AVAILABILITY = YES_AGGRESSIVE;
				CLANG_WARN_UNREACHABLE_CODE = YES;
				CLANG_WARN__DUPLICATE_METHOD_MATCH = YES;
				COPY_PHASE_STRIP = NO;
				DEBUG_INFORMATION_FORMAT = "dwarf-with-dsym";
				ENABLE_NS_ASSERTIONS = NO;
				ENABLE_STRICT_OBJC_MSGSEND = YES;
				ENABLE_USER_SCRIPT_SANDBOXING = YES;
				GCC_C_LANGUAGE_STANDARD = gnu17;
				GCC_NO_COMMON_BLOCKS = YES;
				GCC_WARN_64_TO_32_BIT_CONVERSION = YES;
				GCC_WARN_ABOUT_RETURN_TYPE = YES_ERROR;
				GCC_WARN_UNDECLARED_SELECTOR = YES;
				GCC_WARN_UNINITIALIZED_AUTOS = YES_AGGRESSIVE;
				GCC_WARN_UNUSED_FUNCTION = YES;
				GCC_WARN_UNUSED_VARIABLE = YES;
				IPHONEOS_DEPLOYMENT_TARGET = 17.2;
				LOCALIZATION_PREFERS_STRING_CATALOGS = YES;
				MTL_ENABLE_DEBUG_INFO = NO;
				MTL_FAST_MATH = YES;
				SDKROOT = iphoneos;
				SWIFT_COMPILATION_MODE = wholemodule;
				VALIDATE_PRODUCT = YES;
			};
			name = Release;
		};
		0AB8044B2B57B0DC009AC39C /* Debug */ = {
			isa = XCBuildConfiguration;
			buildSettings = {
				ASSETCATALOG_COMPILER_APPICON_NAME = AppIcon;
				ASSETCATALOG_COMPILER_GLOBAL_ACCENT_COLOR_NAME = AccentColor;
				CODE_SIGN_STYLE = Automatic;
				CURRENT_PROJECT_VERSION = 1;
				DEVELOPMENT_ASSET_PATHS = "\"Worker schedules/Preview Content\"";
				ENABLE_PREVIEWS = YES;
				GENERATE_INFOPLIST_FILE = YES;
				INFOPLIST_KEY_UIApplicationSceneManifest_Generation = YES;
				INFOPLIST_KEY_UIApplicationSupportsIndirectInputEvents = YES;
				INFOPLIST_KEY_UILaunchScreen_Generation = YES;
				INFOPLIST_KEY_UISupportedInterfaceOrientations_iPad = "UIInterfaceOrientationPortrait UIInterfaceOrientationPortraitUpsideDown UIInterfaceOrientationLandscapeLeft UIInterfaceOrientationLandscapeRight";
				INFOPLIST_KEY_UISupportedInterfaceOrientations_iPhone = "UIInterfaceOrientationPortrait UIInterfaceOrientationLandscapeLeft UIInterfaceOrientationLandscapeRight";
				LD_RUNPATH_SEARCH_PATHS = (
					"$(inherited)",
					"@executable_path/Frameworks",
				);
				MARKETING_VERSION = 1.0;
				PRODUCT_BUNDLE_IDENTIFIER = "com.khvandima.Worker-schedules";
				PRODUCT_NAME = "$(TARGET_NAME)";
				SWIFT_EMIT_LOC_STRINGS = YES;
				SWIFT_VERSION = 5.0;
				TARGETED_DEVICE_FAMILY = "1,2";
			};
			name = Debug;
		};
		0AB8044C2B57B0DC009AC39C /* Release */ = {
			isa = XCBuildConfiguration;
			buildSettings = {
				ASSETCATALOG_COMPILER_APPICON_NAME = AppIcon;
				ASSETCATALOG_COMPILER_GLOBAL_ACCENT_COLOR_NAME = AccentColor;
				CODE_SIGN_STYLE = Automatic;
				CURRENT_PROJECT_VERSION = 1;
				DEVELOPMENT_ASSET_PATHS = "\"Worker schedules/Preview Content\"";
				ENABLE_PREVIEWS = YES;
				GENERATE_INFOPLIST_FILE = YES;
				INFOPLIST_KEY_UIApplicationSceneManifest_Generation = YES;
				INFOPLIST_KEY_UIApplicationSupportsIndirectInputEvents = YES;
				INFOPLIST_KEY_UILaunchScreen_Generation = YES;
				INFOPLIST_KEY_UISupportedInterfaceOrientations_iPad = "UIInterfaceOrientationPortrait UIInterfaceOrientationPortraitUpsideDown UIInterfaceOrientationLandscapeLeft UIInterfaceOrientationLandscapeRight";
				INFOPLIST_KEY_UISupportedInterfaceOrientations_iPhone = "UIInterfaceOrientationPortrait UIInterfaceOrientationLandscapeLeft UIInterfaceOrientationLandscapeRight";
				LD_RUNPATH_SEARCH_PATHS = (
					"$(inherited)",
					"@executable_path/Frameworks",
				);
				MARKETING_VERSION = 1.0;
				PRODUCT_BUNDLE_IDENTIFIER = "com.khvandima.Worker-schedules";
				PRODUCT_NAME = "$(TARGET_NAME)";
				SWIFT_EMIT_LOC_STRINGS = YES;
				SWIFT_VERSION = 5.0;
				TARGETED_DEVICE_FAMILY = "1,2";
			};
			name = Release;
		};
		0AB8044E2B57B0DC009AC39C /* Debug */ = {
			isa = XCBuildConfiguration;
			buildSettings = {
				ALWAYS_EMBED_SWIFT_STANDARD_LIBRARIES = YES;
				BUNDLE_LOADER = "$(TEST_HOST)";
				CODE_SIGN_STYLE = Automatic;
				CURRENT_PROJECT_VERSION = 1;
				GENERATE_INFOPLIST_FILE = YES;
				IPHONEOS_DEPLOYMENT_TARGET = 17.2;
				MARKETING_VERSION = 1.0;
				PRODUCT_BUNDLE_IDENTIFIER = "com.khvandima.Worker-schedulesTests";
				PRODUCT_NAME = "$(TARGET_NAME)";
				SWIFT_EMIT_LOC_STRINGS = NO;
				SWIFT_VERSION = 5.0;
				TARGETED_DEVICE_FAMILY = "1,2";
				TEST_HOST = "$(BUILT_PRODUCTS_DIR)/Worker schedules.app/$(BUNDLE_EXECUTABLE_FOLDER_PATH)/Worker schedules";
			};
			name = Debug;
		};
		0AB8044F2B57B0DC009AC39C /* Release */ = {
			isa = XCBuildConfiguration;
			buildSettings = {
				ALWAYS_EMBED_SWIFT_STANDARD_LIBRARIES = YES;
				BUNDLE_LOADER = "$(TEST_HOST)";
				CODE_SIGN_STYLE = Automatic;
				CURRENT_PROJECT_VERSION = 1;
				GENERATE_INFOPLIST_FILE = YES;
				IPHONEOS_DEPLOYMENT_TARGET = 17.2;
				MARKETING_VERSION = 1.0;
				PRODUCT_BUNDLE_IDENTIFIER = "com.khvandima.Worker-schedulesTests";
				PRODUCT_NAME = "$(TARGET_NAME)";
				SWIFT_EMIT_LOC_STRINGS = NO;
				SWIFT_VERSION = 5.0;
				TARGETED_DEVICE_FAMILY = "1,2";
				TEST_HOST = "$(BUILT_PRODUCTS_DIR)/Worker schedules.app/$(BUNDLE_EXECUTABLE_FOLDER_PATH)/Worker schedules";
			};
			name = Release;
		};
		0AB804512B57B0DC009AC39C /* Debug */ = {
			isa = XCBuildConfiguration;
			buildSettings = {
				ALWAYS_EMBED_SWIFT_STANDARD_LIBRARIES = YES;
				CODE_SIGN_STYLE = Automatic;
				CURRENT_PROJECT_VERSION = 1;
				GENERATE_INFOPLIST_FILE = YES;
				MARKETING_VERSION = 1.0;
				PRODUCT_BUNDLE_IDENTIFIER = "com.khvandima.Worker-schedulesUITests";
				PRODUCT_NAME = "$(TARGET_NAME)";
				SWIFT_EMIT_LOC_STRINGS = NO;
				SWIFT_VERSION = 5.0;
				TARGETED_DEVICE_FAMILY = "1,2";
				TEST_TARGET_NAME = "Worker schedules";
			};
			name = Debug;
		};
		0AB804522B57B0DC009AC39C /* Release */ = {
			isa = XCBuildConfiguration;
			buildSettings = {
				ALWAYS_EMBED_SWIFT_STANDARD_LIBRARIES = YES;
				CODE_SIGN_STYLE = Automatic;
				CURRENT_PROJECT_VERSION = 1;
				GENERATE_INFOPLIST_FILE = YES;
				MARKETING_VERSION = 1.0;
				PRODUCT_BUNDLE_IDENTIFIER = "com.khvandima.Worker-schedulesUITests";
				PRODUCT_NAME = "$(TARGET_NAME)";
				SWIFT_EMIT_LOC_STRINGS = NO;
				SWIFT_VERSION = 5.0;
				TARGETED_DEVICE_FAMILY = "1,2";
				TEST_TARGET_NAME = "Worker schedules";
			};
			name = Release;
		};
/* End XCBuildConfiguration section */

/* Begin XCConfigurationList section */
		0AB804212B57B0DB009AC39C /* Build configuration list for PBXProject "Worker schedules" */ = {
			isa = XCConfigurationList;
			buildConfigurations = (
				0AB804482B57B0DC009AC39C /* Debug */,
				0AB804492B57B0DC009AC39C /* Release */,
			);
			defaultConfigurationIsVisible = 0;
			defaultConfigurationName = Release;
		};
		0AB8044A2B57B0DC009AC39C /* Build configuration list for PBXNativeTarget "Worker schedules" */ = {
			isa = XCConfigurationList;
			buildConfigurations = (
				0AB8044B2B57B0DC009AC39C /* Debug */,
				0AB8044C2B57B0DC009AC39C /* Release */,
			);
			defaultConfigurationIsVisible = 0;
			defaultConfigurationName = Release;
		};
		0AB8044D2B57B0DC009AC39C /* Build configuration list for PBXNativeTarget "Worker schedulesTests" */ = {
			isa = XCConfigurationList;
			buildConfigurations = (
				0AB8044E2B57B0DC009AC39C /* Debug */,
				0AB8044F2B57B0DC009AC39C /* Release */,
			);
			defaultConfigurationIsVisible = 0;
			defaultConfigurationName = Release;
		};
		0AB804502B57B0DC009AC39C /* Build configuration list for PBXNativeTarget "Worker schedulesUITests" */ = {
			isa = XCConfigurationList;
			buildConfigurations = (
				0AB804512B57B0DC009AC39C /* Debug */,
				0AB804522B57B0DC009AC39C /* Release */,
			);
			defaultConfigurationIsVisible = 0;
			defaultConfigurationName = Release;
		};
/* End XCConfigurationList section */
	};
	rootObject = 0AB8041E2B57B0DB009AC39C /* Project object */;
}
